
Microsoft Visual Studio Solution File, Format Version 12.00
# Visual Studio 15
Project("{FAE04EC0-301F-11D3-BF4B-00C04F79EFBC}") = "cars24", "cars24\cars24.csproj", "{EE9150C4-9E63-41FF-A90C-34F84F739035}"
EndProject
Global
	GlobalSection(SolutionConfigurationPlatforms) = preSolution
		Debug|Any CPU = Debug|Any CPU
		Release|Any CPU = Release|Any CPU
	EndGlobalSection
	GlobalSection(ProjectConfigurationPlatforms) = postSolution
		{EE9150C4-9E63-41FF-A90C-34F84F739035}.Debug|Any CPU.ActiveCfg = Debug|Any CPU
		{EE9150C4-9E63-41FF-A90C-34F84F739035}.Debug|Any CPU.Build.0 = Debug|Any CPU
		{EE9150C4-9E63-41FF-A90C-34F84F739035}.Release|Any CPU.ActiveCfg = Release|Any CPU
		{EE9150C4-9E63-41FF-A90C-34F84F739035}.Release|Any CPU.Build.0 = Release|Any CPU
	EndGlobalSection
EndGlobal
